
Microsoft Visual Studio Solution File, Format Version 12.00
# Visual Studio Version 17
VisualStudioVersion = 17.13.35825.156 d17.13
MinimumVisualStudioVersion = 10.0.40219.1
Project("{FAE04EC0-301F-11D3-BF4B-00C04F79EFBC}") = "LasmartTestTask", "LasmartTestTask\LasmartTestTask.csproj", "{1716F186-FCD3-4577-95F4-588C66EC7E20}"
EndProject
Global
	GlobalSection(SolutionConfigurationPlatforms) = preSolution
		Debug|Any CPU = Debug|Any CPU
		Release|Any CPU = Release|Any CPU
	EndGlobalSection
	GlobalSection(ProjectConfigurationPlatforms) = postSolution
		{1716F186-FCD3-4577-95F4-588C66EC7E20}.Debug|Any CPU.ActiveCfg = Debug|Any CPU
		{1716F186-FCD3-4577-95F4-588C66EC7E20}.Debug|Any CPU.Build.0 = Debug|Any CPU
		{1716F186-FCD3-4577-95F4-588C66EC7E20}.Release|Any CPU.ActiveCfg = Release|Any CPU
		{1716F186-FCD3-4577-95F4-588C66EC7E20}.Release|Any CPU.Build.0 = Release|Any CPU
	EndGlobalSection
	GlobalSection(SolutionProperties) = preSolution
		HideSolutionNode = FALSE
	EndGlobalSection
	GlobalSection(ExtensibilityGlobals) = postSolution
		SolutionGuid = {5BB025D9-30B5-4827-8D8C-73DE89541E68}
	EndGlobalSection
EndGlobal
